
Microsoft Visual Studio Solution File, Format Version 12.00
# Visual Studio Version 16
VisualStudioVersion = 16.0.30907.101
MinimumVisualStudioVersion = 10.0.40219.1
Project("{FAE04EC0-301F-11D3-BF4B-00C04F79EFBC}") = "ЭкзаменПМ02", "ЭкзаменПМ02\ЭкзаменПМ02.csproj", "{D69814F6-FAC7-47C7-B070-445F61AB9060}"
EndProject
Global
	GlobalSection(SolutionConfigurationPlatforms) = preSolution
		Debug|Any CPU = Debug|Any CPU
		Release|Any CPU = Release|Any CPU
	EndGlobalSection
	GlobalSection(ProjectConfigurationPlatforms) = postSolution
		{D69814F6-FAC7-47C7-B070-445F61AB9060}.Debug|Any CPU.ActiveCfg = Debug|Any CPU
		{D69814F6-FAC7-47C7-B070-445F61AB9060}.Debug|Any CPU.Build.0 = Debug|Any CPU
		{D69814F6-FAC7-47C7-B070-445F61AB9060}.Release|Any CPU.ActiveCfg = Release|Any CPU
		{D69814F6-FAC7-47C7-B070-445F61AB9060}.Release|Any CPU.Build.0 = Release|Any CPU
	EndGlobalSection
	GlobalSection(SolutionProperties) = preSolution
		HideSolutionNode = FALSE
	EndGlobalSection
	GlobalSection(ExtensibilityGlobals) = postSolution
		SolutionGuid = {204B8F3E-6AC6-4356-90C1-9DCD60916888}
	EndGlobalSection
EndGlobal
